
Microsoft Visual Studio Solution File, Format Version 12.00
# Visual Studio Version 17
VisualStudioVersion = 17.14.36603.0 d17.14
MinimumVisualStudioVersion = 10.0.40219.1
Project("{FAE04EC0-301F-11D3-BF4B-00C04F79EFBC}") = "DedicatedStorageQOL", "DedicatedStorageQOL.csproj", "{B2E5B92D-D5B6-438A-B57D-220451B8FD65}"
EndProject
Global
	GlobalSection(SolutionConfigurationPlatforms) = preSolution
		Debug|Any CPU = Debug|Any CPU
		Release|Any CPU = Release|Any CPU
	EndGlobalSection
	GlobalSection(ProjectConfigurationPlatforms) = postSolution
		{B2E5B92D-D5B6-438A-B57D-220451B8FD65}.Debug|Any CPU.ActiveCfg = Debug|Any CPU
		{B2E5B92D-D5B6-438A-B57D-220451B8FD65}.Debug|Any CPU.Build.0 = Debug|Any CPU
		{B2E5B92D-D5B6-438A-B57D-220451B8FD65}.Release|Any CPU.ActiveCfg = Release|Any CPU
		{B2E5B92D-D5B6-438A-B57D-220451B8FD65}.Release|Any CPU.Build.0 = Release|Any CPU
	EndGlobalSection
	GlobalSection(SolutionProperties) = preSolution
		HideSolutionNode = FALSE
	EndGlobalSection
	GlobalSection(ExtensibilityGlobals) = postSolution
		SolutionGuid = {68574AC9-259A-4BFB-8F1D-3D0FF3DC7244}
	EndGlobalSection
EndGlobal
